
Microsoft Visual Studio Solution File, Format Version 12.00
# Visual Studio Version 16
VisualStudioVersion = 16.0.31613.86
MinimumVisualStudioVersion = 10.0.40219.1
Project("{FAE04EC0-301F-11D3-BF4B-00C04F79EFBC}") = "DIM-WEB", "DIM-WEB\DIM-WEB.csproj", "{A44D47C5-1822-45A9-981A-3D892B1594B1}"
EndProject
Global
	GlobalSection(SolutionConfigurationPlatforms) = preSolution
		Debug|Any CPU = Debug|Any CPU
		Release|Any CPU = Release|Any CPU
	EndGlobalSection
	GlobalSection(ProjectConfigurationPlatforms) = postSolution
		{A44D47C5-1822-45A9-981A-3D892B1594B1}.Debug|Any CPU.ActiveCfg = Debug|Any CPU
		{A44D47C5-1822-45A9-981A-3D892B1594B1}.Debug|Any CPU.Build.0 = Debug|Any CPU
		{A44D47C5-1822-45A9-981A-3D892B1594B1}.Release|Any CPU.ActiveCfg = Release|Any CPU
		{A44D47C5-1822-45A9-981A-3D892B1594B1}.Release|Any CPU.Build.0 = Release|Any CPU
	EndGlobalSection
	GlobalSection(SolutionProperties) = preSolution
		HideSolutionNode = FALSE
	EndGlobalSection
	GlobalSection(ExtensibilityGlobals) = postSolution
		SolutionGuid = {75923F29-06AE-48DD-AC26-9DFF24824DF0}
	EndGlobalSection
EndGlobal
